
Microsoft Visual Studio Solution File, Format Version 12.00
# Visual Studio Version 17
VisualStudioVersion = 17.0.31903.59
MinimumVisualStudioVersion = 10.0.40219.1
Project("{2150E333-8FDC-42A3-9474-1A3956D46DE8}") = "src", "src", "{6267E2ED-942C-497D-BFC9-B3CE0AFC276F}"
EndProject
Project("{2150E333-8FDC-42A3-9474-1A3956D46DE8}") = "test", "test", "{962C5ACA-AB2B-4E9B-9EBB-7E7EE28CDBB1}"
EndProject
Project("{9A19103F-16F7-4668-BE54-9A1E7A4F7556}") = "MediateX", "src\MediateX.csproj", "{12DA3F16-060B-467A-993F-2DF25EE6E6A8}"
EndProject
Project("{9A19103F-16F7-4668-BE54-9A1E7A4F7556}") = "MediateX.Tests", "test\MediateX.Tests\MediateX.Tests.csproj", "{4FB0CFC4-90E3-467F-9704-6FBF637F9B4B}"
EndProject
Project("{2150E333-8FDC-42A3-9474-1A3956D46DE8}") = "Solution Items", "Solution Items", "{1E133765-6B4E-46C2-8C6C-7238E8EABA79}"
	ProjectSection(SolutionItems) = preProject
		.editorconfig = .editorconfig
		CHANGELOG.md = CHANGELOG.md
		Directory.Build.props = Directory.Build.props
		README.md = README.md
	EndProjectSection
EndProject
Project("{9A19103F-16F7-4668-BE54-9A1E7A4F7556}") = "MediateX.Benchmarks", "test\MediateX.Benchmarks\MediateX.Benchmarks.csproj", "{1FA62162-F8F1-4CAD-B08E-8DCA603395AD}"
EndProject
Project("{2150E333-8FDC-42A3-9474-1A3956D46DE8}") = "samples", "samples", "{E372BF0B-90E8-4DC1-A332-F023095A3C2A}"
EndProject
Project("{9A19103F-16F7-4668-BE54-9A1E7A4F7556}") = "MediateX.Examples", "samples\MediateX.Examples\MediateX.Examples.csproj", "{FB683115-7F96-4529-A412-65A59CC991E4}"
EndProject
Project("{9A19103F-16F7-4668-BE54-9A1E7A4F7556}") = "MediateX.Examples.AspNetCore", "samples\MediateX.Examples.AspNetCore\MediateX.Examples.AspNetCore.csproj", "{7B6838F9-3CAC-45E8-A796-CA34B05B008F}"
EndProject
Project("{9A19103F-16F7-4668-BE54-9A1E7A4F7556}") = "MediateX.Examples.Autofac", "samples\MediateX.Examples.Autofac\MediateX.Examples.Autofac.csproj", "{E7EF3E3E-BD58-482E-B293-26CA42C30D3E}"
EndProject
Project("{9A19103F-16F7-4668-BE54-9A1E7A4F7556}") = "MediateX.Examples.DryIoc", "samples\MediateX.Examples.DryIoc\MediateX.Examples.DryIoc.csproj", "{085B6925-A438-4DBD-82C4-B3006A798C24}"
EndProject
Project("{9A19103F-16F7-4668-BE54-9A1E7A4F7556}") = "MediateX.Examples.Lamar", "samples\MediateX.Examples.Lamar\MediateX.Examples.Lamar.csproj", "{A3E2B050-B636-46C4-8563-CEE18EB6B146}"
EndProject
Project("{9A19103F-16F7-4668-BE54-9A1E7A4F7556}") = "MediateX.Examples.LightInject", "samples\MediateX.Examples.LightInject\MediateX.Examples.LightInject.csproj", "{738B6CF9-C5B0-424C-A63F-EE601DD2A266}"
EndProject
Project("{9A19103F-16F7-4668-BE54-9A1E7A4F7556}") = "MediateX.Examples.PublishStrategies", "samples\MediateX.Examples.PublishStrategies\MediateX.Examples.PublishStrategies.csproj", "{004D029A-43E7-47B0-BA74-D0A9F7FC7713}"
EndProject
Project("{9A19103F-16F7-4668-BE54-9A1E7A4F7556}") = "MediateX.Examples.SimpleInjector", "samples\MediateX.Examples.SimpleInjector\MediateX.Examples.SimpleInjector.csproj", "{7CEB57F2-B6DC-4A18-A040-D12555C3D32F}"
EndProject
Project("{9A19103F-16F7-4668-BE54-9A1E7A4F7556}") = "MediateX.Examples.Stashbox", "samples\MediateX.Examples.Stashbox\MediateX.Examples.Stashbox.csproj", "{F9148E20-5856-484C-8410-B515C6C56214}"
EndProject
Project("{2150E333-8FDC-42A3-9474-1A3956D46DE8}") = "docs", "docs", "{02EA681E-C7D8-13C7-8484-4AC65E1B71E8}"
	ProjectSection(SolutionItems) = preProject
		docs\01-getting-started.md = docs\01-getting-started.md
		docs\02-requests-handlers.md = docs\02-requests-handlers.md
		docs\03-notifications.md = docs\03-notifications.md
		docs\04-behaviors.md = docs\04-behaviors.md
		docs\05-configuration.md = docs\05-configuration.md
		docs\06-exception-handling.md = docs\06-exception-handling.md
		docs\07-streaming.md = docs\07-streaming.md
		docs\README.md = docs\README.md
	EndProjectSection
EndProject
Global
	GlobalSection(SolutionConfigurationPlatforms) = preSolution
		Debug|Any CPU = Debug|Any CPU
		Release|Any CPU = Release|Any CPU
	EndGlobalSection
	GlobalSection(ProjectConfigurationPlatforms) = postSolution
		{12DA3F16-060B-467A-993F-2DF25EE6E6A8}.Debug|Any CPU.ActiveCfg = Debug|Any CPU
		{12DA3F16-060B-467A-993F-2DF25EE6E6A8}.Debug|Any CPU.Build.0 = Debug|Any CPU
		{12DA3F16-060B-467A-993F-2DF25EE6E6A8}.Release|Any CPU.ActiveCfg = Release|Any CPU
		{12DA3F16-060B-467A-993F-2DF25EE6E6A8}.Release|Any CPU.Build.0 = Release|Any CPU
		{4FB0CFC4-90E3-467F-9704-6FBF637F9B4B}.Debug|Any CPU.ActiveCfg = Debug|Any CPU
		{4FB0CFC4-90E3-467F-9704-6FBF637F9B4B}.Debug|Any CPU.Build.0 = Debug|Any CPU
		{4FB0CFC4-90E3-467F-9704-6FBF637F9B4B}.Release|Any CPU.ActiveCfg = Release|Any CPU
		{4FB0CFC4-90E3-467F-9704-6FBF637F9B4B}.Release|Any CPU.Build.0 = Release|Any CPU
		{1FA62162-F8F1-4CAD-B08E-8DCA603395AD}.Debug|Any CPU.ActiveCfg = Debug|Any CPU
		{1FA62162-F8F1-4CAD-B08E-8DCA603395AD}.Debug|Any CPU.Build.0 = Debug|Any CPU
		{1FA62162-F8F1-4CAD-B08E-8DCA603395AD}.Release|Any CPU.ActiveCfg = Release|Any CPU
		{1FA62162-F8F1-4CAD-B08E-8DCA603395AD}.Release|Any CPU.Build.0 = Release|Any CPU
		{FB683115-7F96-4529-A412-65A59CC991E4}.Debug|Any CPU.ActiveCfg = Debug|Any CPU
		{FB683115-7F96-4529-A412-65A59CC991E4}.Debug|Any CPU.Build.0 = Debug|Any CPU
		{FB683115-7F96-4529-A412-65A59CC991E4}.Release|Any CPU.ActiveCfg = Release|Any CPU
		{FB683115-7F96-4529-A412-65A59CC991E4}.Release|Any CPU.Build.0 = Release|Any CPU
		{7B6838F9-3CAC-45E8-A796-CA34B05B008F}.Debug|Any CPU.ActiveCfg = Debug|Any CPU
		{7B6838F9-3CAC-45E8-A796-CA34B05B008F}.Debug|Any CPU.Build.0 = Debug|Any CPU
		{7B6838F9-3CAC-45E8-A796-CA34B05B008F}.Release|Any CPU.ActiveCfg = Release|Any CPU
		{7B6838F9-3CAC-45E8-A796-CA34B05B008F}.Release|Any CPU.Build.0 = Release|Any CPU
		{E7EF3E3E-BD58-482E-B293-26CA42C30D3E}.Debug|Any CPU.ActiveCfg = Debug|Any CPU
		{E7EF3E3E-BD58-482E-B293-26CA42C30D3E}.Debug|Any CPU.Build.0 = Debug|Any CPU
		{E7EF3E3E-BD58-482E-B293-26CA42C30D3E}.Release|Any CPU.ActiveCfg = Release|Any CPU
		{E7EF3E3E-BD58-482E-B293-26CA42C30D3E}.Release|Any CPU.Build.0 = Release|Any CPU
		{085B6925-A438-4DBD-82C4-B3006A798C24}.Debug|Any CPU.ActiveCfg = Debug|Any CPU
		{085B6925-A438-4DBD-82C4-B3006A798C24}.Debug|Any CPU.Build.0 = Debug|Any CPU
		{085B6925-A438-4DBD-82C4-B3006A798C24}.Release|Any CPU.ActiveCfg = Release|Any CPU
		{085B6925-A438-4DBD-82C4-B3006A798C24}.Release|Any CPU.Build.0 = Release|Any CPU
		{A3E2B050-B636-46C4-8563-CEE18EB6B146}.Debug|Any CPU.ActiveCfg = Debug|Any CPU
		{A3E2B050-B636-46C4-8563-CEE18EB6B146}.Debug|Any CPU.Build.0 = Debug|Any CPU
		{A3E2B050-B636-46C4-8563-CEE18EB6B146}.Release|Any CPU.ActiveCfg = Release|Any CPU
		{A3E2B050-B636-46C4-8563-CEE18EB6B146}.Release|Any CPU.Build.0 = Release|Any CPU
		{738B6CF9-C5B0-424C-A63F-EE601DD2A266}.Debug|Any CPU.ActiveCfg = Debug|Any CPU
		{738B6CF9-C5B0-424C-A63F-EE601DD2A266}.Debug|Any CPU.Build.0 = Debug|Any CPU
		{738B6CF9-C5B0-424C-A63F-EE601DD2A266}.Release|Any CPU.ActiveCfg = Release|Any CPU
		{738B6CF9-C5B0-424C-A63F-EE601DD2A266}.Release|Any CPU.Build.0 = Release|Any CPU
		{004D029A-43E7-47B0-BA74-D0A9F7FC7713}.Debug|Any CPU.ActiveCfg = Debug|Any CPU
		{004D029A-43E7-47B0-BA74-D0A9F7FC7713}.Debug|Any CPU.Build.0 = Debug|Any CPU
		{004D029A-43E7-47B0-BA74-D0A9F7FC7713}.Release|Any CPU.ActiveCfg = Release|Any CPU
		{004D029A-43E7-47B0-BA74-D0A9F7FC7713}.Release|Any CPU.Build.0 = Release|Any CPU
		{7CEB57F2-B6DC-4A18-A040-D12555C3D32F}.Debug|Any CPU.ActiveCfg = Debug|Any CPU
		{7CEB57F2-B6DC-4A18-A040-D12555C3D32F}.Debug|Any CPU.Build.0 = Debug|Any CPU
		{7CEB57F2-B6DC-4A18-A040-D12555C3D32F}.Release|Any CPU.ActiveCfg = Release|Any CPU
		{7CEB57F2-B6DC-4A18-A040-D12555C3D32F}.Release|Any CPU.Build.0 = Release|Any CPU
		{F9148E20-5856-484C-8410-B515C6C56214}.Debug|Any CPU.ActiveCfg = Debug|Any CPU
		{F9148E20-5856-484C-8410-B515C6C56214}.Debug|Any CPU.Build.0 = Debug|Any CPU
		{F9148E20-5856-484C-8410-B515C6C56214}.Release|Any CPU.ActiveCfg = Release|Any CPU
		{F9148E20-5856-484C-8410-B515C6C56214}.Release|Any CPU.Build.0 = Release|Any CPU
	EndGlobalSection
	GlobalSection(SolutionProperties) = preSolution
		HideSolutionNode = FALSE
	EndGlobalSection
	GlobalSection(NestedProjects) = preSolution
		{12DA3F16-060B-467A-993F-2DF25EE6E6A8} = {6267E2ED-942C-497D-BFC9-B3CE0AFC276F}
		{4FB0CFC4-90E3-467F-9704-6FBF637F9B4B} = {962C5ACA-AB2B-4E9B-9EBB-7E7EE28CDBB1}
		{1FA62162-F8F1-4CAD-B08E-8DCA603395AD} = {962C5ACA-AB2B-4E9B-9EBB-7E7EE28CDBB1}
		{FB683115-7F96-4529-A412-65A59CC991E4} = {E372BF0B-90E8-4DC1-A332-F023095A3C2A}
		{7B6838F9-3CAC-45E8-A796-CA34B05B008F} = {E372BF0B-90E8-4DC1-A332-F023095A3C2A}
		{E7EF3E3E-BD58-482E-B293-26CA42C30D3E} = {E372BF0B-90E8-4DC1-A332-F023095A3C2A}
		{085B6925-A438-4DBD-82C4-B3006A798C24} = {E372BF0B-90E8-4DC1-A332-F023095A3C2A}
		{A3E2B050-B636-46C4-8563-CEE18EB6B146} = {E372BF0B-90E8-4DC1-A332-F023095A3C2A}
		{738B6CF9-C5B0-424C-A63F-EE601DD2A266} = {E372BF0B-90E8-4DC1-A332-F023095A3C2A}
		{004D029A-43E7-47B0-BA74-D0A9F7FC7713} = {E372BF0B-90E8-4DC1-A332-F023095A3C2A}
		{7CEB57F2-B6DC-4A18-A040-D12555C3D32F} = {E372BF0B-90E8-4DC1-A332-F023095A3C2A}
		{F9148E20-5856-484C-8410-B515C6C56214} = {E372BF0B-90E8-4DC1-A332-F023095A3C2A}
	EndGlobalSection
	GlobalSection(ExtensibilityGlobals) = postSolution
		SolutionGuid = {D58286E3-878B-4ACB-8E76-F61E708D4339}
	EndGlobalSection
EndGlobal
